
Microsoft Visual Studio Solution File, Format Version 12.00
# Visual Studio Version 17
VisualStudioVersion = 17.3.32901.215
MinimumVisualStudioVersion = 10.0.40219.1
Project("{FAE04EC0-301F-11D3-BF4B-00C04F79EFBC}") = "TrackMySpending", "TrackMySpending\TrackMySpending.csproj", "{DCCB9FFF-C372-41B1-9392-D0C3E2C88087}"
EndProject
Global
	GlobalSection(SolutionConfigurationPlatforms) = preSolution
		Debug|Any CPU = Debug|Any CPU
		Release|Any CPU = Release|Any CPU
	EndGlobalSection
	GlobalSection(ProjectConfigurationPlatforms) = postSolution
		{DCCB9FFF-C372-41B1-9392-D0C3E2C88087}.Debug|Any CPU.ActiveCfg = Debug|Any CPU
		{DCCB9FFF-C372-41B1-9392-D0C3E2C88087}.Debug|Any CPU.Build.0 = Debug|Any CPU
		{DCCB9FFF-C372-41B1-9392-D0C3E2C88087}.Release|Any CPU.ActiveCfg = Release|Any CPU
		{DCCB9FFF-C372-41B1-9392-D0C3E2C88087}.Release|Any CPU.Build.0 = Release|Any CPU
	EndGlobalSection
	GlobalSection(SolutionProperties) = preSolution
		HideSolutionNode = FALSE
	EndGlobalSection
	GlobalSection(ExtensibilityGlobals) = postSolution
		SolutionGuid = {C8B4FD70-7903-4593-A533-D28A354535AC}
	EndGlobalSection
EndGlobal
